
Microsoft Visual Studio Solution File, Format Version 12.00
# Visual Studio Version 17
VisualStudioVersion = 17.7.34202.233
MinimumVisualStudioVersion = 10.0.40219.1
Project("{FAE04EC0-301F-11D3-BF4B-00C04F79EFBC}") = "Vrote_Diana_Lab1", "Vrote_Diana_Lab1.csproj", "{7CBD42AC-C7B8-490F-B260-C3E96974E1BA}"
EndProject
Global
	GlobalSection(SolutionConfigurationPlatforms) = preSolution
		Debug|Any CPU = Debug|Any CPU
		Release|Any CPU = Release|Any CPU
	EndGlobalSection
	GlobalSection(ProjectConfigurationPlatforms) = postSolution
		{7CBD42AC-C7B8-490F-B260-C3E96974E1BA}.Debug|Any CPU.ActiveCfg = Debug|Any CPU
		{7CBD42AC-C7B8-490F-B260-C3E96974E1BA}.Debug|Any CPU.Build.0 = Debug|Any CPU
		{7CBD42AC-C7B8-490F-B260-C3E96974E1BA}.Release|Any CPU.ActiveCfg = Release|Any CPU
		{7CBD42AC-C7B8-490F-B260-C3E96974E1BA}.Release|Any CPU.Build.0 = Release|Any CPU
	EndGlobalSection
	GlobalSection(SolutionProperties) = preSolution
		HideSolutionNode = FALSE
	EndGlobalSection
	GlobalSection(ExtensibilityGlobals) = postSolution
		SolutionGuid = {C3194907-CFE5-49C1-B712-7FA0331824D8}
	EndGlobalSection
EndGlobal
